
Microsoft Visual Studio Solution File, Format Version 12.00
# Visual Studio Version 16
VisualStudioVersion = 16.0.32228.343
MinimumVisualStudioVersion = 10.0.40219.1
Project("{FAE04EC0-301F-11D3-BF4B-00C04F79EFBC}") = "WebApplication2", "WebApplication2\WebApplication2.csproj", "{FDA8AEE5-0953-44C4-88EF-A9440CBFCAEA}"
EndProject
Global
	GlobalSection(SolutionConfigurationPlatforms) = preSolution
		Debug|Any CPU = Debug|Any CPU
		Release|Any CPU = Release|Any CPU
	EndGlobalSection
	GlobalSection(ProjectConfigurationPlatforms) = postSolution
		{FDA8AEE5-0953-44C4-88EF-A9440CBFCAEA}.Debug|Any CPU.ActiveCfg = Debug|Any CPU
		{FDA8AEE5-0953-44C4-88EF-A9440CBFCAEA}.Debug|Any CPU.Build.0 = Debug|Any CPU
		{FDA8AEE5-0953-44C4-88EF-A9440CBFCAEA}.Release|Any CPU.ActiveCfg = Release|Any CPU
		{FDA8AEE5-0953-44C4-88EF-A9440CBFCAEA}.Release|Any CPU.Build.0 = Release|Any CPU
	EndGlobalSection
	GlobalSection(SolutionProperties) = preSolution
		HideSolutionNode = FALSE
	EndGlobalSection
	GlobalSection(ExtensibilityGlobals) = postSolution
		SolutionGuid = {3595E05A-C107-475C-A2FE-F602E73C158F}
	EndGlobalSection
EndGlobal
